
Microsoft Visual Studio Solution File, Format Version 12.00
# Visual Studio Version 17
VisualStudioVersion = 17.2.32602.215
MinimumVisualStudioVersion = 10.0.40219.1
Project("{FAE04EC0-301F-11D3-BF4B-00C04F79EFBC}") = "Hotel.API", "Hotel.API\Hotel.API.csproj", "{5860AD1A-643B-4833-9705-DF99AAB29AFD}"
EndProject
Global
	GlobalSection(SolutionConfigurationPlatforms) = preSolution
		Debug|Any CPU = Debug|Any CPU
		Release|Any CPU = Release|Any CPU
	EndGlobalSection
	GlobalSection(ProjectConfigurationPlatforms) = postSolution
		{5860AD1A-643B-4833-9705-DF99AAB29AFD}.Debug|Any CPU.ActiveCfg = Debug|Any CPU
		{5860AD1A-643B-4833-9705-DF99AAB29AFD}.Debug|Any CPU.Build.0 = Debug|Any CPU
		{5860AD1A-643B-4833-9705-DF99AAB29AFD}.Release|Any CPU.ActiveCfg = Release|Any CPU
		{5860AD1A-643B-4833-9705-DF99AAB29AFD}.Release|Any CPU.Build.0 = Release|Any CPU
	EndGlobalSection
	GlobalSection(SolutionProperties) = preSolution
		HideSolutionNode = FALSE
	EndGlobalSection
	GlobalSection(ExtensibilityGlobals) = postSolution
		SolutionGuid = {E00BC615-18D2-43C9-9BC3-C8CCE189DE41}
	EndGlobalSection
EndGlobal
